// !$*UTF8*$!
{
	archiveVersion = 1;
	classes = {
	};
	objectVersion = 46;
	objects = {

/* Begin PBXAggregateTarget section */
		5C527FD2FFFC4356AC8D41C4 /* ZERO_CHECK */ = {
			isa = PBXAggregateTarget;
			buildConfigurationList = B6B5CFD0081D4AE69A577A57 /* Build configuration list for PBXAggregateTarget "ZERO_CHECK" */;
			buildPhases = (
				6AAF9C01DD3E104BCC7C282B /* Generate CMakeFiles/ZERO_CHECK */,
			);
			dependencies = (
			);
			name = ZERO_CHECK;
			productName = ZERO_CHECK;
		};
		993BC0EE1D63470D82C15664 /* ALL_BUILD */ = {
			isa = PBXAggregateTarget;
			buildConfigurationList = ABFA890392F34A5189F8666B /* Build configuration list for PBXAggregateTarget "ALL_BUILD" */;
			buildPhases = (
				A479A9DBA0CA8C34CC003E7B /* Generate CMakeFiles/ALL_BUILD */,
			);
			dependencies = (
				5DDD1F23BB7D4CE493237FC4 /* PBXTargetDependency */,
				33A76B03072E40E59E1C17C5 /* PBXTargetDependency */,
				EE94F4CFB6A149E68C0028FB /* PBXTargetDependency */,
			);
			name = ALL_BUILD;
			productName = ALL_BUILD;
		};
/* End PBXAggregateTarget section */

/* Begin PBXBuildFile section */
		09A31AC68F2B48FBB101A573 /* /Users/ssc/Desktop/workspace/git_repos/tinyinfer/scripts/build-macos/CMakeFiles/mnist_test.dir/Info.plist */ = {isa = PBXBuildFile; fileRef = 5AE44D84F237463792800152 /* /Users/ssc/Desktop/workspace/git_repos/tinyinfer/scripts/build-macos/CMakeFiles/mnist_test.dir/Info.plist */; };
		2689375192054AD4AF1BFBA2 /* /Users/ssc/Desktop/workspace/git_repos/tinyinfer/tinyinfer/net/net.cpp */ = {isa = PBXBuildFile; fileRef = 5CD8C586600E4EDFBF0FC1E0 /* /Users/ssc/Desktop/workspace/git_repos/tinyinfer/tinyinfer/net/net.cpp */; };
		303EDAF76F1B471B93AD2F32 /* /Users/ssc/Desktop/workspace/git_repos/tinyinfer/CMakeLists.txt */ = {isa = PBXBuildFile; fileRef = 50F176A071234F07A2A9C02D /* /Users/ssc/Desktop/workspace/git_repos/tinyinfer/CMakeLists.txt */; };
		4426E351C2564AD7ACEF2B70 /* /Users/ssc/Desktop/workspace/git_repos/tinyinfer/tinyinfer/net/graph.cpp */ = {isa = PBXBuildFile; fileRef = B52AB4477A2D4181AB6C82B4 /* /Users/ssc/Desktop/workspace/git_repos/tinyinfer/tinyinfer/net/graph.cpp */; };
		A5DB76180B8641588DB5C95F /* /Users/ssc/Desktop/workspace/git_repos/tinyinfer/CMakeLists.txt */ = {isa = PBXBuildFile; fileRef = 99DEE4F8E9064E54B6E60BE8 /* /Users/ssc/Desktop/workspace/git_repos/tinyinfer/CMakeLists.txt */; };
		DD7060AB7D414E6E8212C111 /* /Users/ssc/Desktop/workspace/git_repos/tinyinfer/scripts/build-macos/CMakeFiles/ti.dir/Info.plist */ = {isa = PBXBuildFile; fileRef = 2819BEC92F8F42078A9FCFF1 /* /Users/ssc/Desktop/workspace/git_repos/tinyinfer/scripts/build-macos/CMakeFiles/ti.dir/Info.plist */; };
		E07EE8649C464728B69C3B81 /* /Users/ssc/Desktop/workspace/git_repos/tinyinfer/tinyinfer/net/mnist.cpp */ = {isa = PBXBuildFile; fileRef = A26D3529B2BD4646952C82FE /* /Users/ssc/Desktop/workspace/git_repos/tinyinfer/tinyinfer/net/mnist.cpp */; };
/* End PBXBuildFile section */

/* Begin PBXBuildStyle section */
		53EC7450A46C461A939AB600 /* Debug */ = {
			isa = PBXBuildStyle;
			buildSettings = {
				COPY_PHASE_STRIP = NO;
			};
			name = Debug;
		};
/* End PBXBuildStyle section */

/* Begin PBXContainerItemProxy section */
		50D4DC1CC7954D6C9D686F01 /* PBXContainerItemProxy */ = {
			isa = PBXContainerItemProxy;
			containerPortal = 387AE148A8B245BCBE78DD75 /* Project object */;
			proxyType = 1;
			remoteGlobalIDString = B99BB84BD2EA4C77AFA17CCC;
			remoteInfo = ti;
		};
		5500C8F7D04545B395872E9A /* PBXContainerItemProxy */ = {
			isa = PBXContainerItemProxy;
			containerPortal = 387AE148A8B245BCBE78DD75 /* Project object */;
			proxyType = 1;
			remoteGlobalIDString = 59C1296DA8CC478090BDD9E2;
			remoteInfo = mnist_test;
		};
		5935A5F4A6574DFABC787939 /* PBXContainerItemProxy */ = {
			isa = PBXContainerItemProxy;
			containerPortal = 387AE148A8B245BCBE78DD75 /* Project object */;
			proxyType = 1;
			remoteGlobalIDString = 5C527FD2FFFC4356AC8D41C4;
			remoteInfo = ZERO_CHECK;
		};
		5DFCD5A14AE24E038A44213F /* PBXContainerItemProxy */ = {
			isa = PBXContainerItemProxy;
			containerPortal = 387AE148A8B245BCBE78DD75 /* Project object */;
			proxyType = 1;
			remoteGlobalIDString = 5C527FD2FFFC4356AC8D41C4;
			remoteInfo = ZERO_CHECK;
		};
		7D5A9109250A4917BCFF893B /* PBXContainerItemProxy */ = {
			isa = PBXContainerItemProxy;
			containerPortal = 387AE148A8B245BCBE78DD75 /* Project object */;
			proxyType = 1;
			remoteGlobalIDString = B99BB84BD2EA4C77AFA17CCC;
			remoteInfo = ti;
		};
		9B6FCDE8330D45898F90DB6F /* PBXContainerItemProxy */ = {
			isa = PBXContainerItemProxy;
			containerPortal = 387AE148A8B245BCBE78DD75 /* Project object */;
			proxyType = 1;
			remoteGlobalIDString = 5C527FD2FFFC4356AC8D41C4;
			remoteInfo = ZERO_CHECK;
		};
/* End PBXContainerItemProxy section */

/* Begin PBXFileReference section */
		06A94E36B2404A9CA0343B53 /* ti */ = {isa = PBXFileReference; explicitFileType = archive.ar; path = libti.a; sourceTree = BUILT_PRODUCTS_DIR; };
		2819BEC92F8F42078A9FCFF1 /* /Users/ssc/Desktop/workspace/git_repos/tinyinfer/scripts/build-macos/CMakeFiles/ti.dir/Info.plist */ = {isa = PBXFileReference; explicitFileType = sourcecode.text.plist; fileEncoding = 4; name = Info.plist; path = "scripts/build-macos/CMakeFiles/ti.dir/Info.plist"; sourceTree = SOURCE_ROOT; };
		50F176A071234F07A2A9C02D /* /Users/ssc/Desktop/workspace/git_repos/tinyinfer/CMakeLists.txt */ = {isa = PBXFileReference; explicitFileType = sourcecode.text; fileEncoding = 4; name = CMakeLists.txt; path = CMakeLists.txt; sourceTree = SOURCE_ROOT; };
		5AE44D84F237463792800152 /* /Users/ssc/Desktop/workspace/git_repos/tinyinfer/scripts/build-macos/CMakeFiles/mnist_test.dir/Info.plist */ = {isa = PBXFileReference; explicitFileType = sourcecode.text.plist; fileEncoding = 4; name = Info.plist; path = "scripts/build-macos/CMakeFiles/mnist_test.dir/Info.plist"; sourceTree = SOURCE_ROOT; };
		5CD8C586600E4EDFBF0FC1E0 /* /Users/ssc/Desktop/workspace/git_repos/tinyinfer/tinyinfer/net/net.cpp */ = {isa = PBXFileReference; explicitFileType = sourcecode.cpp.cpp; fileEncoding = 4; name = net.cpp; path = tinyinfer/net/net.cpp; sourceTree = SOURCE_ROOT; };
		99DEE4F8E9064E54B6E60BE8 /* /Users/ssc/Desktop/workspace/git_repos/tinyinfer/CMakeLists.txt */ = {isa = PBXFileReference; explicitFileType = sourcecode.text; fileEncoding = 4; name = CMakeLists.txt; path = CMakeLists.txt; sourceTree = SOURCE_ROOT; };
		A26D3529B2BD4646952C82FE /* /Users/ssc/Desktop/workspace/git_repos/tinyinfer/tinyinfer/net/mnist.cpp */ = {isa = PBXFileReference; explicitFileType = sourcecode.cpp.cpp; fileEncoding = 4; name = mnist.cpp; path = tinyinfer/net/mnist.cpp; sourceTree = SOURCE_ROOT; };
		B52AB4477A2D4181AB6C82B4 /* /Users/ssc/Desktop/workspace/git_repos/tinyinfer/tinyinfer/net/graph.cpp */ = {isa = PBXFileReference; explicitFileType = sourcecode.cpp.cpp; fileEncoding = 4; name = graph.cpp; path = tinyinfer/net/graph.cpp; sourceTree = SOURCE_ROOT; };
		BBCAE702BA63401EA9700ADA /* mnist_test */ = {isa = PBXFileReference; explicitFileType = "compiled.mach-o.executable"; path = mnist_test; sourceTree = BUILT_PRODUCTS_DIR; };
		F9C0BD3BC2074760BB9597A1 /* /Users/ssc/Desktop/workspace/git_repos/tinyinfer/CMakeLists.txt */ = {isa = PBXFileReference; explicitFileType = sourcecode.text; fileEncoding = 4; name = CMakeLists.txt; path = CMakeLists.txt; sourceTree = SOURCE_ROOT; };
/* End PBXFileReference section */

/* Begin PBXFrameworksBuildPhase section */
		70B129CC266143AB9D6AF098 /* Frameworks */ = {
			isa = PBXFrameworksBuildPhase;
			buildActionMask = 2147483647;
			files = (
			);
			runOnlyForDeploymentPostprocessing = 0;
		};
		B250A06679054C5198178570 /* Frameworks */ = {
			isa = PBXFrameworksBuildPhase;
			buildActionMask = 2147483647;
			files = (
			);
			runOnlyForDeploymentPostprocessing = 0;
		};
/* End PBXFrameworksBuildPhase section */

/* Begin PBXGroup section */
		0AF1158405CB4F16B4B6F89C /* Source Files */ = {
			isa = PBXGroup;
			children = (
				A26D3529B2BD4646952C82FE /* /Users/ssc/Desktop/workspace/git_repos/tinyinfer/tinyinfer/net/mnist.cpp */,
			);
			name = "Source Files";
			sourceTree = "<group>";
		};
		0D0A442C29E141BF90622679 /* CMake Rules */ = {
			isa = PBXGroup;
			children = (
			);
			name = "CMake Rules";
			sourceTree = "<group>";
		};
		3C9A181F16DF411D8FABDDEA /* ALL_BUILD */ = {
			isa = PBXGroup;
			children = (
				0D0A442C29E141BF90622679 /* CMake Rules */,
				F9C0BD3BC2074760BB9597A1 /* /Users/ssc/Desktop/workspace/git_repos/tinyinfer/CMakeLists.txt */,
			);
			name = ALL_BUILD;
			sourceTree = "<group>";
		};
		58A68F8CF1CB4539BF093A4D /* Resources */ = {
			isa = PBXGroup;
			children = (
				5AE44D84F237463792800152 /* /Users/ssc/Desktop/workspace/git_repos/tinyinfer/scripts/build-macos/CMakeFiles/mnist_test.dir/Info.plist */,
			);
			name = Resources;
			sourceTree = "<group>";
		};
		725C035AEE5F493C82D00E51 /* mnist_test */ = {
			isa = PBXGroup;
			children = (
				0AF1158405CB4F16B4B6F89C /* Source Files */,
				58A68F8CF1CB4539BF093A4D /* Resources */,
				99DEE4F8E9064E54B6E60BE8 /* /Users/ssc/Desktop/workspace/git_repos/tinyinfer/CMakeLists.txt */,
			);
			name = mnist_test;
			sourceTree = "<group>";
		};
		79D7B47F9C07456CA2E3C53D /* Frameworks */ = {
			isa = PBXGroup;
			children = (
			);
			name = Frameworks;
			sourceTree = "<group>";
		};
		82BFD46700A648C3AEFA68F5 /* Source Files */ = {
			isa = PBXGroup;
			children = (
				B52AB4477A2D4181AB6C82B4 /* /Users/ssc/Desktop/workspace/git_repos/tinyinfer/tinyinfer/net/graph.cpp */,
				5CD8C586600E4EDFBF0FC1E0 /* /Users/ssc/Desktop/workspace/git_repos/tinyinfer/tinyinfer/net/net.cpp */,
			);
			name = "Source Files";
			sourceTree = "<group>";
		};
		8DD54006E198421F9FC77FFB /* ti */ = {
			isa = PBXGroup;
			children = (
				82BFD46700A648C3AEFA68F5 /* Source Files */,
				E5DDC8ACFD7949C4BFA3E628 /* Resources */,
				50F176A071234F07A2A9C02D /* /Users/ssc/Desktop/workspace/git_repos/tinyinfer/CMakeLists.txt */,
			);
			name = ti;
			sourceTree = "<group>";
		};
		A4AE2E02A3BF45ECB44BC31A = {
			isa = PBXGroup;
			children = (
				8DD54006E198421F9FC77FFB /* ti */,
				725C035AEE5F493C82D00E51 /* mnist_test */,
				3C9A181F16DF411D8FABDDEA /* ALL_BUILD */,
				C372277CA6B148E9B29EA33C /* Products */,
				79D7B47F9C07456CA2E3C53D /* Frameworks */,
			);
			sourceTree = "<group>";
		};
		C372277CA6B148E9B29EA33C /* Products */ = {
			isa = PBXGroup;
			children = (
				BBCAE702BA63401EA9700ADA /* mnist_test */,
				06A94E36B2404A9CA0343B53 /* ti */,
			);
			name = Products;
			sourceTree = "<group>";
		};
		E5DDC8ACFD7949C4BFA3E628 /* Resources */ = {
			isa = PBXGroup;
			children = (
				2819BEC92F8F42078A9FCFF1 /* /Users/ssc/Desktop/workspace/git_repos/tinyinfer/scripts/build-macos/CMakeFiles/ti.dir/Info.plist */,
			);
			name = Resources;
			sourceTree = "<group>";
		};
/* End PBXGroup section */

/* Begin PBXNativeTarget section */
		59C1296DA8CC478090BDD9E2 /* mnist_test */ = {
			isa = PBXNativeTarget;
			buildConfigurationList = A920C05EE23246C382B0A998 /* Build configuration list for PBXNativeTarget "mnist_test" */;
			buildPhases = (
				C95394CA5DE842EA8123E853 /* Sources */,
				B250A06679054C5198178570 /* Frameworks */,
			);
			buildRules = (
			);
			dependencies = (
				3904AA07F5AA4C3FB90790DB /* PBXTargetDependency */,
				A00093877D5946E4B14BE4A4 /* PBXTargetDependency */,
			);
			name = mnist_test;
			productName = mnist_test;
			productReference = BBCAE702BA63401EA9700ADA /* mnist_test */;
			productType = "com.apple.product-type.application";
		};
		B99BB84BD2EA4C77AFA17CCC /* ti */ = {
			isa = PBXNativeTarget;
			buildConfigurationList = 2B256A2B53AC4572913F5AAE /* Build configuration list for PBXNativeTarget "ti" */;
			buildPhases = (
				0DCED3AA650348329AF4761F /* Sources */,
				70B129CC266143AB9D6AF098 /* Frameworks */,
			);
			buildRules = (
			);
			dependencies = (
				E1419B145E354DA38E38860C /* PBXTargetDependency */,
			);
			name = ti;
			productName = ti;
			productReference = 06A94E36B2404A9CA0343B53 /* ti */;
			productType = "com.apple.product-type.library.static";
		};
/* End PBXNativeTarget section */

/* Begin PBXProject section */
		387AE148A8B245BCBE78DD75 /* Project object */ = {
			isa = PBXProject;
			attributes = {
				BuildIndependentTargetsInParallel = YES;
				LastUpgradeCheck = 1420;
			};
			buildConfigurationList = 300C1BDB75F34729B52012BC /* Build configuration list for PBXProject "TinyInfer" */;
			buildSettings = {
			};
			buildStyles = (
				53EC7450A46C461A939AB600 /* Debug */,
			);
			compatibilityVersion = "Xcode 3.2";
			hasScannedForEncodings = 0;
			mainGroup = A4AE2E02A3BF45ECB44BC31A;
			projectDirPath = /Users/ssc/Desktop/workspace/git_repos/tinyinfer;
			projectRoot = "";
			targets = (
				993BC0EE1D63470D82C15664 /* ALL_BUILD */,
				5C527FD2FFFC4356AC8D41C4 /* ZERO_CHECK */,
				59C1296DA8CC478090BDD9E2 /* mnist_test */,
				B99BB84BD2EA4C77AFA17CCC /* ti */,
			);
		};
/* End PBXProject section */

/* Begin PBXShellScriptBuildPhase section */
		3C0110FC8322DE7E50886E21 = {
			isa = PBXShellScriptBuildPhase;
			buildActionMask = 2147483647;
			files = (
			);
			inputPaths = (
			);
			outputPaths = (
			);
			runOnlyForDeploymentPostprocessing = 0;
			shellPath = /bin/sh;
			shellScript = "# shell script goes here
exit 0";
			showEnvVarsInLog = 0;
		};
		6AAF9C01DD3E104BCC7C282B /* Generate CMakeFiles/ZERO_CHECK */ = {
			isa = PBXShellScriptBuildPhase;
			alwaysOutOfDate = 1;
			buildActionMask = 2147483647;
			files = (
			);
			inputPaths = (
			);
			name = "Generate CMakeFiles/ZERO_CHECK";
			outputPaths = (
"/Users/ssc/Desktop/workspace/git_repos/tinyinfer/scripts/build-macos/CMakeFiles/ZERO_CHECK"			);
			runOnlyForDeploymentPostprocessing = 0;
			shellPath = /bin/sh;
			shellScript = "set -e
if test \"$CONFIGURATION\" = \"Debug\"; then :
  cd /Users/ssc/Desktop/workspace/git_repos/tinyinfer/scripts/build-macos
  make -f /Users/ssc/Desktop/workspace/git_repos/tinyinfer/scripts/build-macos/CMakeScripts/ReRunCMake.make
fi
";
			showEnvVarsInLog = 0;
		};
		9B50530E35CC49C82C2FACCF = {
			isa = PBXShellScriptBuildPhase;
			buildActionMask = 2147483647;
			files = (
			);
			inputPaths = (
			);
			outputPaths = (
			);
			runOnlyForDeploymentPostprocessing = 0;
			shellPath = /bin/sh;
			shellScript = "# shell script goes here
exit 0";
			showEnvVarsInLog = 0;
		};
		A479A9DBA0CA8C34CC003E7B /* Generate CMakeFiles/ALL_BUILD */ = {
			isa = PBXShellScriptBuildPhase;
			alwaysOutOfDate = 1;
			buildActionMask = 2147483647;
			files = (
			);
			inputPaths = (
			);
			name = "Generate CMakeFiles/ALL_BUILD";
			outputPaths = (
"/Users/ssc/Desktop/workspace/git_repos/tinyinfer/scripts/build-macos/CMakeFiles/ALL_BUILD"			);
			runOnlyForDeploymentPostprocessing = 0;
			shellPath = /bin/sh;
			shellScript = "set -e
if test \"$CONFIGURATION\" = \"Debug\"; then :
  cd /Users/ssc/Desktop/workspace/git_repos/tinyinfer/scripts/build-macos
  echo Build\\ all\\ projects
fi
";
			showEnvVarsInLog = 0;
		};
/* End PBXShellScriptBuildPhase section */

/* Begin PBXSourcesBuildPhase section */
		0DCED3AA650348329AF4761F /* Sources */ = {
			isa = PBXSourcesBuildPhase;
			buildActionMask = 2147483647;
			files = (
				4426E351C2564AD7ACEF2B70 /* /Users/ssc/Desktop/workspace/git_repos/tinyinfer/tinyinfer/net/graph.cpp */,
				2689375192054AD4AF1BFBA2 /* /Users/ssc/Desktop/workspace/git_repos/tinyinfer/tinyinfer/net/net.cpp */,
			);
			runOnlyForDeploymentPostprocessing = 0;
		};
		C95394CA5DE842EA8123E853 /* Sources */ = {
			isa = PBXSourcesBuildPhase;
			buildActionMask = 2147483647;
			files = (
				E07EE8649C464728B69C3B81 /* /Users/ssc/Desktop/workspace/git_repos/tinyinfer/tinyinfer/net/mnist.cpp */,
			);
			runOnlyForDeploymentPostprocessing = 0;
		};
/* End PBXSourcesBuildPhase section */

/* Begin PBXTargetDependency section */
		33A76B03072E40E59E1C17C5 /* PBXTargetDependency */ = {
			isa = PBXTargetDependency;
			target = 59C1296DA8CC478090BDD9E2 /* mnist_test */;
			targetProxy = 5500C8F7D04545B395872E9A /* PBXContainerItemProxy */;
		};
		3904AA07F5AA4C3FB90790DB /* PBXTargetDependency */ = {
			isa = PBXTargetDependency;
			target = B99BB84BD2EA4C77AFA17CCC /* ti */;
			targetProxy = 7D5A9109250A4917BCFF893B /* PBXContainerItemProxy */;
		};
		5DDD1F23BB7D4CE493237FC4 /* PBXTargetDependency */ = {
			isa = PBXTargetDependency;
			target = B99BB84BD2EA4C77AFA17CCC /* ti */;
			targetProxy = 50D4DC1CC7954D6C9D686F01 /* PBXContainerItemProxy */;
		};
		A00093877D5946E4B14BE4A4 /* PBXTargetDependency */ = {
			isa = PBXTargetDependency;
			target = 5C527FD2FFFC4356AC8D41C4 /* ZERO_CHECK */;
			targetProxy = 5DFCD5A14AE24E038A44213F /* PBXContainerItemProxy */;
		};
		E1419B145E354DA38E38860C /* PBXTargetDependency */ = {
			isa = PBXTargetDependency;
			target = 5C527FD2FFFC4356AC8D41C4 /* ZERO_CHECK */;
			targetProxy = 9B6FCDE8330D45898F90DB6F /* PBXContainerItemProxy */;
		};
		EE94F4CFB6A149E68C0028FB /* PBXTargetDependency */ = {
			isa = PBXTargetDependency;
			target = 5C527FD2FFFC4356AC8D41C4 /* ZERO_CHECK */;
			targetProxy = 5935A5F4A6574DFABC787939 /* PBXContainerItemProxy */;
		};
/* End PBXTargetDependency section */

/* Begin XCBuildConfiguration section */
		26481710F5BE44C38EBB2706 /* Debug */ = {
			isa = XCBuildConfiguration;
			buildSettings = {
				ALWAYS_SEARCH_USER_PATHS = NO;
				ARCHS = x86_64;
				COMBINE_HIDPI_IMAGES = YES;
				CONFIGURATION_BUILD_DIR = "/Users/ssc/Desktop/workspace/git_repos/tinyinfer/scripts/build-macos/Debug";
				EXECUTABLE_PREFIX = lib;
				EXECUTABLE_SUFFIX = .a;
				GCC_GENERATE_DEBUGGING_SYMBOLS = YES;
				GCC_INLINES_ARE_PRIVATE_EXTERN = NO;
				GCC_OPTIMIZATION_LEVEL = 0;
				GCC_PREPROCESSOR_DEFINITIONS = ("'CMAKE_INTDIR=\"$(CONFIGURATION)$(EFFECTIVE_PLATFORM_NAME)\"'","$(inherited)");
				GCC_SYMBOLS_PRIVATE_EXTERN = NO;
				HEADER_SEARCH_PATHS = (/Users/ssc/Desktop/workspace/git_repos/tinyinfer,/Users/ssc/Desktop/workspace/git_repos/tinyinfer/tinyinfer,"$(inherited)");
				INSTALL_PATH = "";
				LIBRARY_STYLE = STATIC;
				ONLY_ACTIVE_ARCH = NO;
				OTHER_CPLUSPLUSFLAGS = " -std=c++17    ";
				OTHER_LIBTOOLFLAGS = ("");
				OTHER_REZFLAGS = "";
				PRODUCT_NAME = ti;
				SECTORDER_FLAGS = "";
				TARGET_TEMP_DIR = "/Users/ssc/Desktop/workspace/git_repos/tinyinfer/scripts/build-macos/build/ti.build/$(CONFIGURATION)$(EFFECTIVE_PLATFORM_NAME)";
				USE_HEADERMAP = NO;
				WARNING_CFLAGS = ("$(inherited)");
			};
			name = Debug;
		};
		6C784CB8DA714D1FB2AF007C /* Debug */ = {
			isa = XCBuildConfiguration;
			buildSettings = {
				ALWAYS_SEARCH_USER_PATHS = NO;
				COMBINE_HIDPI_IMAGES = YES;
				GCC_GENERATE_DEBUGGING_SYMBOLS = YES;
				GCC_INLINES_ARE_PRIVATE_EXTERN = NO;
				GCC_OPTIMIZATION_LEVEL = 0;
				GCC_PREPROCESSOR_DEFINITIONS = ("'CMAKE_INTDIR=\"$(CONFIGURATION)$(EFFECTIVE_PLATFORM_NAME)\"'","$(inherited)");
				GCC_SYMBOLS_PRIVATE_EXTERN = NO;
				INSTALL_PATH = "";
				OTHER_LDFLAGS = ("","$(inherited)");
				OTHER_REZFLAGS = "";
				PRODUCT_NAME = ZERO_CHECK;
				SECTORDER_FLAGS = "";
				USE_HEADERMAP = NO;
				WARNING_CFLAGS = ("$(inherited)");
			};
			name = Debug;
		};
		8EA53204FA9840689053478B /* Debug */ = {
			isa = XCBuildConfiguration;
			buildSettings = {
				ALWAYS_SEARCH_USER_PATHS = NO;
				ARCHS = x86_64;
				COMBINE_HIDPI_IMAGES = YES;
				CONFIGURATION_BUILD_DIR = "/Users/ssc/Desktop/workspace/git_repos/tinyinfer/scripts/build-macos/Debug";
				EXECUTABLE_PREFIX = "";
				EXECUTABLE_SUFFIX = "";
				GCC_GENERATE_DEBUGGING_SYMBOLS = YES;
				GCC_INLINES_ARE_PRIVATE_EXTERN = NO;
				GCC_OPTIMIZATION_LEVEL = 0;
				GCC_PREPROCESSOR_DEFINITIONS = ("'CMAKE_INTDIR=\"$(CONFIGURATION)$(EFFECTIVE_PLATFORM_NAME)\"'","$(inherited)");
				GCC_SYMBOLS_PRIVATE_EXTERN = NO;
				HEADER_SEARCH_PATHS = (/Users/ssc/Desktop/workspace/git_repos/tinyinfer,/Users/ssc/Desktop/workspace/git_repos/tinyinfer/tinyinfer,"$(inherited)");
				INFOPLIST_FILE = "/Users/ssc/Desktop/workspace/git_repos/tinyinfer/scripts/build-macos/CMakeFiles/mnist_test.dir/Info.plist";
				INSTALL_PATH = "";
				ONLY_ACTIVE_ARCH = NO;
				OTHER_CPLUSPLUSFLAGS = " -std=c++17    ";
				OTHER_LDFLAGS = (" -Wl,-search_paths_first -Wl,-headerpad_max_install_names","/Users/ssc/Desktop/workspace/git_repos/tinyinfer/scripts/build-macos/Debug/libti.a","$(inherited)");
				OTHER_REZFLAGS = "";
				PRODUCT_NAME = mnist_test;
				SECTORDER_FLAGS = "";
				TARGET_TEMP_DIR = "/Users/ssc/Desktop/workspace/git_repos/tinyinfer/scripts/build-macos/build/mnist_test.build/$(CONFIGURATION)$(EFFECTIVE_PLATFORM_NAME)";
				USE_HEADERMAP = NO;
				WARNING_CFLAGS = ("$(inherited)");
			};
			name = Debug;
		};
		B6915541BACF42708FF2B260 /* Debug */ = {
			isa = XCBuildConfiguration;
			buildSettings = {
				ALWAYS_SEARCH_USER_PATHS = NO;
				COMBINE_HIDPI_IMAGES = YES;
				GCC_GENERATE_DEBUGGING_SYMBOLS = YES;
				GCC_INLINES_ARE_PRIVATE_EXTERN = NO;
				GCC_OPTIMIZATION_LEVEL = 0;
				GCC_PREPROCESSOR_DEFINITIONS = ("'CMAKE_INTDIR=\"$(CONFIGURATION)$(EFFECTIVE_PLATFORM_NAME)\"'","$(inherited)");
				GCC_SYMBOLS_PRIVATE_EXTERN = NO;
				INSTALL_PATH = "";
				OTHER_LDFLAGS = ("","$(inherited)");
				OTHER_REZFLAGS = "";
				PRODUCT_NAME = ALL_BUILD;
				SECTORDER_FLAGS = "";
				USE_HEADERMAP = NO;
				WARNING_CFLAGS = ("$(inherited)");
			};
			name = Debug;
		};
		C02B0BC95C77456A9F37DA37 /* Debug */ = {
			isa = XCBuildConfiguration;
			buildSettings = {
				ARCHS = x86_64;
				"ARCHS[sdk=macosx*]" = x86_64;
				CLANG_ENABLE_OBJC_ARC = YES;
				CODE_SIGNING_REQUIRED = NO;
				ENABLE_BITCODE = NO;
				GCC_SYMBOLS_PRIVATE_EXTERN = YES;
				IPHONEOS_DEPLOYMENT_TARGET = 10.13;
				MACOSX_DEPLOYMENT_TARGET = 10.13;
				SDKROOT = /Applications/Xcode.app/Contents/Developer/Platforms/MacOSX.platform/Developer/SDKs/MacOSX13.1.sdk;
				SYMROOT = "/Users/ssc/Desktop/workspace/git_repos/tinyinfer/scripts/build-macos/build";
				"VALID_ARCHS[sdk=macosx*]" = x86_64;
			};
			name = Debug;
		};
/* End XCBuildConfiguration section */

/* Begin XCConfigurationList section */
		2B256A2B53AC4572913F5AAE /* Build configuration list for PBXNativeTarget "ti" */ = {
			isa = XCConfigurationList;
			buildConfigurations = (
				26481710F5BE44C38EBB2706 /* Debug */,
			);
			defaultConfigurationIsVisible = 0;
			defaultConfigurationName = Debug;
		};
		300C1BDB75F34729B52012BC /* Build configuration list for PBXProject "TinyInfer" */ = {
			isa = XCConfigurationList;
			buildConfigurations = (
				C02B0BC95C77456A9F37DA37 /* Debug */,
			);
			defaultConfigurationIsVisible = 0;
			defaultConfigurationName = Debug;
		};
		A920C05EE23246C382B0A998 /* Build configuration list for PBXNativeTarget "mnist_test" */ = {
			isa = XCConfigurationList;
			buildConfigurations = (
				8EA53204FA9840689053478B /* Debug */,
			);
			defaultConfigurationIsVisible = 0;
			defaultConfigurationName = Debug;
		};
		ABFA890392F34A5189F8666B /* Build configuration list for PBXAggregateTarget "ALL_BUILD" */ = {
			isa = XCConfigurationList;
			buildConfigurations = (
				B6915541BACF42708FF2B260 /* Debug */,
			);
			defaultConfigurationIsVisible = 0;
			defaultConfigurationName = Debug;
		};
		B6B5CFD0081D4AE69A577A57 /* Build configuration list for PBXAggregateTarget "ZERO_CHECK" */ = {
			isa = XCConfigurationList;
			buildConfigurations = (
				6C784CB8DA714D1FB2AF007C /* Debug */,
			);
			defaultConfigurationIsVisible = 0;
			defaultConfigurationName = Debug;
		};
/* End XCConfigurationList section */
	};
	rootObject = 387AE148A8B245BCBE78DD75 /* Project object */;
}
